
Microsoft Visual Studio Solution File, Format Version 12.00
# Visual Studio Version 17
VisualStudioVersion = 17.0.31903.59
MinimumVisualStudioVersion = 10.0.40219.1
Project("{2150E333-8FDC-42A3-9474-1A3956D46DE8}") = "src", "src", "{827E0CD3-B72D-47B6-A68D-7590B98EB39B}"
EndProject
Project("{FAE04EC0-301F-11D3-BF4B-00C04F79EFBC}") = "ORToothFairy.API", "src\ORToothFairy.API\ORToothFairy.API.csproj", "{BE7F07B6-F85F-4A7C-8E33-11A3AAF97E1B}"
EndProject
Project("{FAE04EC0-301F-11D3-BF4B-00C04F79EFBC}") = "ORToothFairy.Core", "src\ORToothFairy.Core\ORToothFairy.Core.csproj", "{BEC41340-2544-4703-9D1B-FE8E1493650F}"
EndProject
Project("{FAE04EC0-301F-11D3-BF4B-00C04F79EFBC}") = "ORToothFairy.MAUI", "src\ORToothFairy.MAUI\ORToothFairy.MAUI.csproj", "{62D2A2A0-2C5B-4C89-BC91-D17BFE64E6FC}"
EndProject
Global
	GlobalSection(SolutionConfigurationPlatforms) = preSolution
		Debug|Any CPU = Debug|Any CPU
		Debug|x64 = Debug|x64
		Debug|x86 = Debug|x86
		Release|Any CPU = Release|Any CPU
		Release|x64 = Release|x64
		Release|x86 = Release|x86
	EndGlobalSection
	GlobalSection(ProjectConfigurationPlatforms) = postSolution
		{BE7F07B6-F85F-4A7C-8E33-11A3AAF97E1B}.Debug|Any CPU.ActiveCfg = Debug|Any CPU
		{BE7F07B6-F85F-4A7C-8E33-11A3AAF97E1B}.Debug|Any CPU.Build.0 = Debug|Any CPU
		{BE7F07B6-F85F-4A7C-8E33-11A3AAF97E1B}.Debug|x64.ActiveCfg = Debug|Any CPU
		{BE7F07B6-F85F-4A7C-8E33-11A3AAF97E1B}.Debug|x64.Build.0 = Debug|Any CPU
		{BE7F07B6-F85F-4A7C-8E33-11A3AAF97E1B}.Debug|x86.ActiveCfg = Debug|Any CPU
		{BE7F07B6-F85F-4A7C-8E33-11A3AAF97E1B}.Debug|x86.Build.0 = Debug|Any CPU
		{BE7F07B6-F85F-4A7C-8E33-11A3AAF97E1B}.Release|Any CPU.ActiveCfg = Release|Any CPU
		{BE7F07B6-F85F-4A7C-8E33-11A3AAF97E1B}.Release|Any CPU.Build.0 = Release|Any CPU
		{BE7F07B6-F85F-4A7C-8E33-11A3AAF97E1B}.Release|x64.ActiveCfg = Release|Any CPU
		{BE7F07B6-F85F-4A7C-8E33-11A3AAF97E1B}.Release|x64.Build.0 = Release|Any CPU
		{BE7F07B6-F85F-4A7C-8E33-11A3AAF97E1B}.Release|x86.ActiveCfg = Release|Any CPU
		{BE7F07B6-F85F-4A7C-8E33-11A3AAF97E1B}.Release|x86.Build.0 = Release|Any CPU
		{BEC41340-2544-4703-9D1B-FE8E1493650F}.Debug|Any CPU.ActiveCfg = Debug|Any CPU
		{BEC41340-2544-4703-9D1B-FE8E1493650F}.Debug|Any CPU.Build.0 = Debug|Any CPU
		{BEC41340-2544-4703-9D1B-FE8E1493650F}.Debug|x64.ActiveCfg = Debug|Any CPU
		{BEC41340-2544-4703-9D1B-FE8E1493650F}.Debug|x64.Build.0 = Debug|Any CPU
		{BEC41340-2544-4703-9D1B-FE8E1493650F}.Debug|x86.ActiveCfg = Debug|Any CPU
		{BEC41340-2544-4703-9D1B-FE8E1493650F}.Debug|x86.Build.0 = Debug|Any CPU
		{BEC41340-2544-4703-9D1B-FE8E1493650F}.Release|Any CPU.ActiveCfg = Release|Any CPU
		{BEC41340-2544-4703-9D1B-FE8E1493650F}.Release|Any CPU.Build.0 = Release|Any CPU
		{BEC41340-2544-4703-9D1B-FE8E1493650F}.Release|x64.ActiveCfg = Release|Any CPU
		{BEC41340-2544-4703-9D1B-FE8E1493650F}.Release|x64.Build.0 = Release|Any CPU
		{BEC41340-2544-4703-9D1B-FE8E1493650F}.Release|x86.ActiveCfg = Release|Any CPU
		{BEC41340-2544-4703-9D1B-FE8E1493650F}.Release|x86.Build.0 = Release|Any CPU
		{62D2A2A0-2C5B-4C89-BC91-D17BFE64E6FC}.Debug|Any CPU.ActiveCfg = Debug|Any CPU
		{62D2A2A0-2C5B-4C89-BC91-D17BFE64E6FC}.Debug|Any CPU.Build.0 = Debug|Any CPU
		{62D2A2A0-2C5B-4C89-BC91-D17BFE64E6FC}.Debug|x64.ActiveCfg = Debug|Any CPU
		{62D2A2A0-2C5B-4C89-BC91-D17BFE64E6FC}.Debug|x64.Build.0 = Debug|Any CPU
		{62D2A2A0-2C5B-4C89-BC91-D17BFE64E6FC}.Debug|x86.ActiveCfg = Debug|Any CPU
		{62D2A2A0-2C5B-4C89-BC91-D17BFE64E6FC}.Debug|x86.Build.0 = Debug|Any CPU
		{62D2A2A0-2C5B-4C89-BC91-D17BFE64E6FC}.Release|Any CPU.ActiveCfg = Release|Any CPU
		{62D2A2A0-2C5B-4C89-BC91-D17BFE64E6FC}.Release|Any CPU.Build.0 = Release|Any CPU
		{62D2A2A0-2C5B-4C89-BC91-D17BFE64E6FC}.Release|x64.ActiveCfg = Release|Any CPU
		{62D2A2A0-2C5B-4C89-BC91-D17BFE64E6FC}.Release|x64.Build.0 = Release|Any CPU
		{62D2A2A0-2C5B-4C89-BC91-D17BFE64E6FC}.Release|x86.ActiveCfg = Release|Any CPU
		{62D2A2A0-2C5B-4C89-BC91-D17BFE64E6FC}.Release|x86.Build.0 = Release|Any CPU
	EndGlobalSection
	GlobalSection(SolutionProperties) = preSolution
		HideSolutionNode = FALSE
	EndGlobalSection
	GlobalSection(NestedProjects) = preSolution
		{BE7F07B6-F85F-4A7C-8E33-11A3AAF97E1B} = {827E0CD3-B72D-47B6-A68D-7590B98EB39B}
		{BEC41340-2544-4703-9D1B-FE8E1493650F} = {827E0CD3-B72D-47B6-A68D-7590B98EB39B}
		{62D2A2A0-2C5B-4C89-BC91-D17BFE64E6FC} = {827E0CD3-B72D-47B6-A68D-7590B98EB39B}
	EndGlobalSection
EndGlobal
